
Microsoft Visual Studio Solution File, Format Version 12.00
# Visual Studio Version 17
VisualStudioVersion = 17.5.33502.453
MinimumVisualStudioVersion = 10.0.40219.1
Project("{FAE04EC0-301F-11D3-BF4B-00C04F79EFBC}") = "Praktychna 1-2 Tysachiuk", "Praktychna 1-2 Tysachiuk.csproj", "{2E38EAB1-9FB4-42A0-86C9-613B5F3DBDBD}"
EndProject
Global
	GlobalSection(SolutionConfigurationPlatforms) = preSolution
		Debug|Any CPU = Debug|Any CPU
		Release|Any CPU = Release|Any CPU
	EndGlobalSection
	GlobalSection(ProjectConfigurationPlatforms) = postSolution
		{2E38EAB1-9FB4-42A0-86C9-613B5F3DBDBD}.Debug|Any CPU.ActiveCfg = Debug|Any CPU
		{2E38EAB1-9FB4-42A0-86C9-613B5F3DBDBD}.Debug|Any CPU.Build.0 = Debug|Any CPU
		{2E38EAB1-9FB4-42A0-86C9-613B5F3DBDBD}.Release|Any CPU.ActiveCfg = Release|Any CPU
		{2E38EAB1-9FB4-42A0-86C9-613B5F3DBDBD}.Release|Any CPU.Build.0 = Release|Any CPU
	EndGlobalSection
	GlobalSection(SolutionProperties) = preSolution
		HideSolutionNode = FALSE
	EndGlobalSection
	GlobalSection(ExtensibilityGlobals) = postSolution
		SolutionGuid = {C038CE67-311C-4012-9F96-1A8067D65F4C}
	EndGlobalSection
EndGlobal
